// !$*UTF8*$!
{
	archiveVersion = 1;
	classes = {
	};
	objectVersion = 46;
	objects = {

/* Begin PBXBuildFile section */
		188D8CC71945B0A50068B51E /* CoreBluetooth.framework in Frameworks */ = {isa = PBXBuildFile; fileRef = 188D8CC61945B0A50068B51E /* CoreBluetooth.framework */; };
		188D8CCE194945B20068B51E /* BLE.m in Sources */ = {isa = PBXBuildFile; fileRef = 188D8CCC1949459A0068B51E /* BLE.m */; };
		1C1B15C119432D550099E920 /* AudioModel.m in Sources */ = {isa = PBXBuildFile; fileRef = 1C1B15C019432D550099E920 /* AudioModel.m */; };
		1C1B15C4194330C60099E920 /* AudioToolbox.framework in Frameworks */ = {isa = PBXBuildFile; fileRef = 1C1B15C3194330C60099E920 /* AudioToolbox.framework */; };
		1C1B15C6194330E00099E920 /* AVFoundation.framework in Frameworks */ = {isa = PBXBuildFile; fileRef = 1C1B15C5194330E00099E920 /* AVFoundation.framework */; };
		1C1B15C8194330EF0099E920 /* CoreAudio.framework in Frameworks */ = {isa = PBXBuildFile; fileRef = 1C1B15C7194330EF0099E920 /* CoreAudio.framework */; };
		1C1B15D21943446C0099E920 /* HS R8 Drums.sf2 in Resources */ = {isa = PBXBuildFile; fileRef = 1C1B15D11943446C0099E920 /* HS R8 Drums.sf2 */; };
		1C511FDF19449FAF0031764C /* PoppingMixerViewController.m in Sources */ = {isa = PBXBuildFile; fileRef = 1CF0EDD7193D85840001EE68 /* PoppingMixerViewController.m */; };
		1C511FEB1944A2F50031764C /* track.mp3 in Resources */ = {isa = PBXBuildFile; fileRef = 1C511FEA1944A2F50031764C /* track.mp3 */; };
		1C511FFA1944A4170031764C /* libTheAmazingAudioEngine.a in Frameworks */ = {isa = PBXBuildFile; fileRef = 1C511FF71944A4060031764C /* libTheAmazingAudioEngine.a */; };
		1C69407F194439F30059F643 /* Accelerate.framework in Frameworks */ = {isa = PBXBuildFile; fileRef = 1C69407E194439F30059F643 /* Accelerate.framework */; };
		1CF0EDBF193D85840001EE68 /* Foundation.framework in Frameworks */ = {isa = PBXBuildFile; fileRef = 1CF0EDBE193D85840001EE68 /* Foundation.framework */; };
		1CF0EDC1193D85840001EE68 /* CoreGraphics.framework in Frameworks */ = {isa = PBXBuildFile; fileRef = 1CF0EDC0193D85840001EE68 /* CoreGraphics.framework */; };
		1CF0EDC3193D85840001EE68 /* UIKit.framework in Frameworks */ = {isa = PBXBuildFile; fileRef = 1CF0EDC2193D85840001EE68 /* UIKit.framework */; };
		1CF0EDC9193D85840001EE68 /* InfoPlist.strings in Resources */ = {isa = PBXBuildFile; fileRef = 1CF0EDC7193D85840001EE68 /* InfoPlist.strings */; };
		1CF0EDCB193D85840001EE68 /* main.m in Sources */ = {isa = PBXBuildFile; fileRef = 1CF0EDCA193D85840001EE68 /* main.m */; };
		1CF0EDCF193D85840001EE68 /* PoppingMixerAppDelegate.m in Sources */ = {isa = PBXBuildFile; fileRef = 1CF0EDCE193D85840001EE68 /* PoppingMixerAppDelegate.m */; };
		1CF0EDD2193D85840001EE68 /* Main_iPhone.storyboard in Resources */ = {isa = PBXBuildFile; fileRef = 1CF0EDD0193D85840001EE68 /* Main_iPhone.storyboard */; };
		1CF0EDD5193D85840001EE68 /* Main_iPad.storyboard in Resources */ = {isa = PBXBuildFile; fileRef = 1CF0EDD3193D85840001EE68 /* Main_iPad.storyboard */; };
		1CF0EDDA193D85840001EE68 /* Images.xcassets in Resources */ = {isa = PBXBuildFile; fileRef = 1CF0EDD9193D85840001EE68 /* Images.xcassets */; };
		1CF0EDE1193D85840001EE68 /* XCTest.framework in Frameworks */ = {isa = PBXBuildFile; fileRef = 1CF0EDE0193D85840001EE68 /* XCTest.framework */; };
		1CF0EDE2193D85840001EE68 /* Foundation.framework in Frameworks */ = {isa = PBXBuildFile; fileRef = 1CF0EDBE193D85840001EE68 /* Foundation.framework */; };
		1CF0EDE3193D85840001EE68 /* UIKit.framework in Frameworks */ = {isa = PBXBuildFile; fileRef = 1CF0EDC2193D85840001EE68 /* UIKit.framework */; };
		1CF0EDEB193D85840001EE68 /* InfoPlist.strings in Resources */ = {isa = PBXBuildFile; fileRef = 1CF0EDE9193D85840001EE68 /* InfoPlist.strings */; };
		1CF0EDED193D85840001EE68 /* PoppingMixerTests.m in Sources */ = {isa = PBXBuildFile; fileRef = 1CF0EDEC193D85840001EE68 /* PoppingMixerTests.m */; };
/* End PBXBuildFile section */

/* Begin PBXContainerItemProxy section */
		1C511FF61944A4060031764C /* PBXContainerItemProxy */ = {
			isa = PBXContainerItemProxy;
			containerPortal = 1C511FF21944A4060031764C /* TheAmazingAudioEngine.xcodeproj */;
			proxyType = 2;
			remoteGlobalIDString = 4C215CEC1523A7D500D36CAD;
			remoteInfo = TheAmazingAudioEngine;
		};
		1C511FF81944A4110031764C /* PBXContainerItemProxy */ = {
			isa = PBXContainerItemProxy;
			containerPortal = 1C511FF21944A4060031764C /* TheAmazingAudioEngine.xcodeproj */;
			proxyType = 1;
			remoteGlobalIDString = 4C215CEB1523A7D500D36CAD;
			remoteInfo = TheAmazingAudioEngine;
		};
		1CF0EDE4193D85840001EE68 /* PBXContainerItemProxy */ = {
			isa = PBXContainerItemProxy;
			containerPortal = 1CF0EDB3193D85840001EE68 /* Project object */;
			proxyType = 1;
			remoteGlobalIDString = 1CF0EDBA193D85840001EE68;
			remoteInfo = PoppingMixer;
		};
/* End PBXContainerItemProxy section */

/* Begin PBXFileReference section */
		188D8CC61945B0A50068B51E /* CoreBluetooth.framework */ = {isa = PBXFileReference; lastKnownFileType = wrapper.framework; name = CoreBluetooth.framework; path = System/Library/Frameworks/CoreBluetooth.framework; sourceTree = SDKROOT; };
		188D8CCB1949459A0068B51E /* BLE.h */ = {isa = PBXFileReference; lastKnownFileType = sourcecode.c.h; path = BLE.h; sourceTree = "<group>"; };
		188D8CCC1949459A0068B51E /* BLE.m */ = {isa = PBXFileReference; lastKnownFileType = sourcecode.c.objc; path = BLE.m; sourceTree = "<group>"; };
		188D8CCD1949459A0068B51E /* BLEDefines.h */ = {isa = PBXFileReference; lastKnownFileType = sourcecode.c.h; path = BLEDefines.h; sourceTree = "<group>"; };
		1C1B15BF19432D550099E920 /* AudioModel.h */ = {isa = PBXFileReference; fileEncoding = 4; lastKnownFileType = sourcecode.c.h; name = AudioModel.h; path = Models/AudioModel.h; sourceTree = "<group>"; };
		1C1B15C019432D550099E920 /* AudioModel.m */ = {isa = PBXFileReference; fileEncoding = 4; lastKnownFileType = sourcecode.c.objc; name = AudioModel.m; path = Models/AudioModel.m; sourceTree = "<group>"; };
		1C1B15C3194330C60099E920 /* AudioToolbox.framework */ = {isa = PBXFileReference; lastKnownFileType = wrapper.framework; name = AudioToolbox.framework; path = System/Library/Frameworks/AudioToolbox.framework; sourceTree = SDKROOT; };
		1C1B15C5194330E00099E920 /* AVFoundation.framework */ = {isa = PBXFileReference; lastKnownFileType = wrapper.framework; name = AVFoundation.framework; path = System/Library/Frameworks/AVFoundation.framework; sourceTree = SDKROOT; };
		1C1B15C7194330EF0099E920 /* CoreAudio.framework */ = {isa = PBXFileReference; lastKnownFileType = wrapper.framework; name = CoreAudio.framework; path = System/Library/Frameworks/CoreAudio.framework; sourceTree = SDKROOT; };
		1C1B15D11943446C0099E920 /* HS R8 Drums.sf2 */ = {isa = PBXFileReference; lastKnownFileType = file; path = "HS R8 Drums.sf2"; sourceTree = "<group>"; };
		1C511FEA1944A2F50031764C /* track.mp3 */ = {isa = PBXFileReference; lastKnownFileType = audio.mp3; path = track.mp3; sourceTree = "<group>"; };
		1C511FF21944A4060031764C /* TheAmazingAudioEngine.xcodeproj */ = {isa = PBXFileReference; lastKnownFileType = "wrapper.pb-project"; name = TheAmazingAudioEngine.xcodeproj; path = TheAmazingAudioEngine/TheAmazingAudioEngine.xcodeproj; sourceTree = "<group>"; };
		1C69407E194439F30059F643 /* Accelerate.framework */ = {isa = PBXFileReference; lastKnownFileType = wrapper.framework; name = Accelerate.framework; path = System/Library/Frameworks/Accelerate.framework; sourceTree = SDKROOT; };
		1CF0EDBB193D85840001EE68 /* PoppingMixer.app */ = {isa = PBXFileReference; explicitFileType = wrapper.application; includeInIndex = 0; path = PoppingMixer.app; sourceTree = BUILT_PRODUCTS_DIR; };
		1CF0EDBE193D85840001EE68 /* Foundation.framework */ = {isa = PBXFileReference; lastKnownFileType = wrapper.framework; name = Foundation.framework; path = System/Library/Frameworks/Foundation.framework; sourceTree = SDKROOT; };
		1CF0EDC0193D85840001EE68 /* CoreGraphics.framework */ = {isa = PBXFileReference; lastKnownFileType = wrapper.framework; name = CoreGraphics.framework; path = System/Library/Frameworks/CoreGraphics.framework; sourceTree = SDKROOT; };
		1CF0EDC2193D85840001EE68 /* UIKit.framework */ = {isa = PBXFileReference; lastKnownFileType = wrapper.framework; name = UIKit.framework; path = System/Library/Frameworks/UIKit.framework; sourceTree = SDKROOT; };
		1CF0EDC6193D85840001EE68 /* PoppingMixer-Info.plist */ = {isa = PBXFileReference; lastKnownFileType = text.plist.xml; path = "PoppingMixer-Info.plist"; sourceTree = "<group>"; };
		1CF0EDC8193D85840001EE68 /* en */ = {isa = PBXFileReference; lastKnownFileType = text.plist.strings; name = en; path = en.lproj/InfoPlist.strings; sourceTree = "<group>"; };
		1CF0EDCA193D85840001EE68 /* main.m */ = {isa = PBXFileReference; lastKnownFileType = sourcecode.c.objc; path = main.m; sourceTree = "<group>"; };
		1CF0EDCC193D85840001EE68 /* PoppingMixer-Prefix.pch */ = {isa = PBXFileReference; lastKnownFileType = sourcecode.c.h; path = "PoppingMixer-Prefix.pch"; sourceTree = "<group>"; };
		1CF0EDCD193D85840001EE68 /* PoppingMixerAppDelegate.h */ = {isa = PBXFileReference; lastKnownFileType = sourcecode.c.h; path = PoppingMixerAppDelegate.h; sourceTree = "<group>"; };
		1CF0EDCE193D85840001EE68 /* PoppingMixerAppDelegate.m */ = {isa = PBXFileReference; lastKnownFileType = sourcecode.c.objc; path = PoppingMixerAppDelegate.m; sourceTree = "<group>"; };
		1CF0EDD1193D85840001EE68 /* Base */ = {isa = PBXFileReference; lastKnownFileType = file.storyboard; name = Base; path = Base.lproj/Main_iPhone.storyboard; sourceTree = "<group>"; };
		1CF0EDD4193D85840001EE68 /* Base */ = {isa = PBXFileReference; lastKnownFileType = file.storyboard; name = Base; path = Base.lproj/Main_iPad.storyboard; sourceTree = "<group>"; };
		1CF0EDD6193D85840001EE68 /* PoppingMixerViewController.h */ = {isa = PBXFileReference; lastKnownFileType = sourcecode.c.h; name = PoppingMixerViewController.h; path = Controllers/PoppingMixerViewController.h; sourceTree = "<group>"; };
		1CF0EDD7193D85840001EE68 /* PoppingMixerViewController.m */ = {isa = PBXFileReference; lastKnownFileType = sourcecode.c.objc; name = PoppingMixerViewController.m; path = Controllers/PoppingMixerViewController.m; sourceTree = "<group>"; };
		1CF0EDD9193D85840001EE68 /* Images.xcassets */ = {isa = PBXFileReference; lastKnownFileType = folder.assetcatalog; path = Images.xcassets; sourceTree = "<group>"; };
		1CF0EDDF193D85840001EE68 /* PoppingMixerTests.xctest */ = {isa = PBXFileReference; explicitFileType = wrapper.cfbundle; includeInIndex = 0; path = PoppingMixerTests.xctest; sourceTree = BUILT_PRODUCTS_DIR; };
		1CF0EDE0193D85840001EE68 /* XCTest.framework */ = {isa = PBXFileReference; lastKnownFileType = wrapper.framework; name = XCTest.framework; path = Library/Frameworks/XCTest.framework; sourceTree = DEVELOPER_DIR; };
		1CF0EDE8193D85840001EE68 /* PoppingMixerTests-Info.plist */ = {isa = PBXFileReference; lastKnownFileType = text.plist.xml; path = "PoppingMixerTests-Info.plist"; sourceTree = "<group>"; };
		1CF0EDEA193D85840001EE68 /* en */ = {isa = PBXFileReference; lastKnownFileType = text.plist.strings; name = en; path = en.lproj/InfoPlist.strings; sourceTree = "<group>"; };
		1CF0EDEC193D85840001EE68 /* PoppingMixerTests.m */ = {isa = PBXFileReference; lastKnownFileType = sourcecode.c.objc; path = PoppingMixerTests.m; sourceTree = "<group>"; };
/* End PBXFileReference section */

/* Begin PBXFrameworksBuildPhase section */
		1CF0EDB8193D85840001EE68 /* Frameworks */ = {
			isa = PBXFrameworksBuildPhase;
			buildActionMask = 2147483647;
			files = (
				188D8CC71945B0A50068B51E /* CoreBluetooth.framework in Frameworks */,
				1C511FFA1944A4170031764C /* libTheAmazingAudioEngine.a in Frameworks */,
				1C69407F194439F30059F643 /* Accelerate.framework in Frameworks */,
				1C1B15C4194330C60099E920 /* AudioToolbox.framework in Frameworks */,
				1C1B15C6194330E00099E920 /* AVFoundation.framework in Frameworks */,
				1C1B15C8194330EF0099E920 /* CoreAudio.framework in Frameworks */,
				1CF0EDC1193D85840001EE68 /* CoreGraphics.framework in Frameworks */,
				1CF0EDBF193D85840001EE68 /* Foundation.framework in Frameworks */,
				1CF0EDC3193D85840001EE68 /* UIKit.framework in Frameworks */,
			);
			runOnlyForDeploymentPostprocessing = 0;
		};
		1CF0EDDC193D85840001EE68 /* Frameworks */ = {
			isa = PBXFrameworksBuildPhase;
			buildActionMask = 2147483647;
			files = (
				1CF0EDE1193D85840001EE68 /* XCTest.framework in Frameworks */,
				1CF0EDE3193D85840001EE68 /* UIKit.framework in Frameworks */,
				1CF0EDE2193D85840001EE68 /* Foundation.framework in Frameworks */,
			);
			runOnlyForDeploymentPostprocessing = 0;
		};
/* End PBXFrameworksBuildPhase section */

/* Begin PBXGroup section */
		188D8CCA1949459A0068B51E /* BLE */ = {
			isa = PBXGroup;
			children = (
				188D8CCB1949459A0068B51E /* BLE.h */,
				188D8CCC1949459A0068B51E /* BLE.m */,
				188D8CCD1949459A0068B51E /* BLEDefines.h */,
			);
			path = BLE;
			sourceTree = "<group>";
		};
		1C511FF31944A4060031764C /* Products */ = {
			isa = PBXGroup;
			children = (
				1C511FF71944A4060031764C /* libTheAmazingAudioEngine.a */,
			);
			name = Products;
			sourceTree = "<group>";
		};
		1CF0EDB2193D85840001EE68 = {
			isa = PBXGroup;
			children = (
				1CF0EDC4193D85840001EE68 /* PoppingMixer */,
				1CF0EDE6193D85840001EE68 /* PoppingMixerTests */,
				1CF0EDBD193D85840001EE68 /* Frameworks */,
				1CF0EDBC193D85840001EE68 /* Products */,
			);
			sourceTree = "<group>";
		};
		1CF0EDBC193D85840001EE68 /* Products */ = {
			isa = PBXGroup;
			children = (
				1CF0EDBB193D85840001EE68 /* PoppingMixer.app */,
				1CF0EDDF193D85840001EE68 /* PoppingMixerTests.xctest */,
			);
			name = Products;
			sourceTree = "<group>";
		};
		1CF0EDBD193D85840001EE68 /* Frameworks */ = {
			isa = PBXGroup;
			children = (
				188D8CC61945B0A50068B51E /* CoreBluetooth.framework */,
				1C69407E194439F30059F643 /* Accelerate.framework */,
				1C1B15C7194330EF0099E920 /* CoreAudio.framework */,
				1C1B15C5194330E00099E920 /* AVFoundation.framework */,
				1C1B15C3194330C60099E920 /* AudioToolbox.framework */,
				1CF0EDBE193D85840001EE68 /* Foundation.framework */,
				1CF0EDC0193D85840001EE68 /* CoreGraphics.framework */,
				1CF0EDC2193D85840001EE68 /* UIKit.framework */,
				1CF0EDE0193D85840001EE68 /* XCTest.framework */,
			);
			name = Frameworks;
			sourceTree = "<group>";
		};
		1CF0EDC4193D85840001EE68 /* PoppingMixer */ = {
			isa = PBXGroup;
			children = (
				1CF0EDF9193D8D360001EE68 /* Resources */,
				1CF0EDF6193D8CFC0001EE68 /* Controllers */,
				1CF0EDF7193D8D0D0001EE68 /* Views */,
				1CF0EDF8193D8D200001EE68 /* Models */,
				1CF0EDCD193D85840001EE68 /* PoppingMixerAppDelegate.h */,
				1CF0EDCE193D85840001EE68 /* PoppingMixerAppDelegate.m */,
				1CF0EDD9193D85840001EE68 /* Images.xcassets */,
				1CF0EDC5193D85840001EE68 /* Supporting Files */,
			);
			path = PoppingMixer;
			sourceTree = "<group>";
		};
		1CF0EDC5193D85840001EE68 /* Supporting Files */ = {
			isa = PBXGroup;
			children = (
				1CF0EDC6193D85840001EE68 /* PoppingMixer-Info.plist */,
				1CF0EDC7193D85840001EE68 /* InfoPlist.strings */,
				1CF0EDCA193D85840001EE68 /* main.m */,
				1CF0EDCC193D85840001EE68 /* PoppingMixer-Prefix.pch */,
			);
			name = "Supporting Files";
			sourceTree = "<group>";
		};
		1CF0EDE6193D85840001EE68 /* PoppingMixerTests */ = {
			isa = PBXGroup;
			children = (
				1CF0EDEC193D85840001EE68 /* PoppingMixerTests.m */,
				1CF0EDE7193D85840001EE68 /* Supporting Files */,
			);
			path = PoppingMixerTests;
			sourceTree = "<group>";
		};
		1CF0EDE7193D85840001EE68 /* Supporting Files */ = {
			isa = PBXGroup;
			children = (
				1CF0EDE8193D85840001EE68 /* PoppingMixerTests-Info.plist */,
				1CF0EDE9193D85840001EE68 /* InfoPlist.strings */,
			);
			name = "Supporting Files";
			sourceTree = "<group>";
		};
		1CF0EDF6193D8CFC0001EE68 /* Controllers */ = {
			isa = PBXGroup;
			children = (
				1CF0EDD6193D85840001EE68 /* PoppingMixerViewController.h */,
				1CF0EDD7193D85840001EE68 /* PoppingMixerViewController.m */,
			);
			name = Controllers;
			sourceTree = "<group>";
		};
		1CF0EDF7193D8D0D0001EE68 /* Views */ = {
			isa = PBXGroup;
			children = (
				1CF0EDD0193D85840001EE68 /* Main_iPhone.storyboard */,
				1CF0EDD3193D85840001EE68 /* Main_iPad.storyboard */,
			);
			name = Views;
			sourceTree = "<group>";
		};
		1CF0EDF8193D8D200001EE68 /* Models */ = {
			isa = PBXGroup;
			children = (
				1C1B15BF19432D550099E920 /* AudioModel.h */,
				1C1B15C019432D550099E920 /* AudioModel.m */,
			);
			name = Models;
			sourceTree = "<group>";
		};
		1CF0EDF9193D8D360001EE68 /* Resources */ = {
			isa = PBXGroup;
			children = (
				188D8CCA1949459A0068B51E /* BLE */,
				1C511FF21944A4060031764C /* TheAmazingAudioEngine.xcodeproj */,
				1C1B15D11943446C0099E920 /* HS R8 Drums.sf2 */,
				1C511FEA1944A2F50031764C /* track.mp3 */,
			);
			path = Resources;
			sourceTree = "<group>";
		};
/* End PBXGroup section */

/* Begin PBXNativeTarget section */
		1CF0EDBA193D85840001EE68 /* PoppingMixer */ = {
			isa = PBXNativeTarget;
			buildConfigurationList = 1CF0EDF0193D85840001EE68 /* Build configuration list for PBXNativeTarget "PoppingMixer" */;
			buildPhases = (
				1CF0EDB7193D85840001EE68 /* Sources */,
				1CF0EDB8193D85840001EE68 /* Frameworks */,
				1CF0EDB9193D85840001EE68 /* Resources */,
			);
			buildRules = (
			);
			dependencies = (
				1C511FF91944A4110031764C /* PBXTargetDependency */,
			);
			name = PoppingMixer;
			productName = PoppingMixer;
			productReference = 1CF0EDBB193D85840001EE68 /* PoppingMixer.app */;
			productType = "com.apple.product-type.application";
		};
		1CF0EDDE193D85840001EE68 /* PoppingMixerTests */ = {
			isa = PBXNativeTarget;
			buildConfigurationList = 1CF0EDF3193D85840001EE68 /* Build configuration list for PBXNativeTarget "PoppingMixerTests" */;
			buildPhases = (
				1CF0EDDB193D85840001EE68 /* Sources */,
				1CF0EDDC193D85840001EE68 /* Frameworks */,
				1CF0EDDD193D85840001EE68 /* Resources */,
			);
			buildRules = (
			);
			dependencies = (
				1CF0EDE5193D85840001EE68 /* PBXTargetDependency */,
			);
			name = PoppingMixerTests;
			productName = PoppingMixerTests;
			productReference = 1CF0EDDF193D85840001EE68 /* PoppingMixerTests.xctest */;
			productType = "com.apple.product-type.bundle.unit-test";
		};
/* End PBXNativeTarget section */

/* Begin PBXProject section */
		1CF0EDB3193D85840001EE68 /* Project object */ = {
			isa = PBXProject;
			attributes = {
				CLASSPREFIX = PoppingMixer;
				LastUpgradeCheck = 0510;
				ORGANIZATIONNAME = "NMLab Project";
				TargetAttributes = {
					1CF0EDDE193D85840001EE68 = {
						TestTargetID = 1CF0EDBA193D85840001EE68;
					};
				};
			};
			buildConfigurationList = 1CF0EDB6193D85840001EE68 /* Build configuration list for PBXProject "PoppingMixer" */;
			compatibilityVersion = "Xcode 3.2";
			developmentRegion = English;
			hasScannedForEncodings = 0;
			knownRegions = (
				en,
				Base,
			);
			mainGroup = 1CF0EDB2193D85840001EE68;
			productRefGroup = 1CF0EDBC193D85840001EE68 /* Products */;
			projectDirPath = "";
			projectReferences = (
				{
					ProductGroup = 1C511FF31944A4060031764C /* Products */;
					ProjectRef = 1C511FF21944A4060031764C /* TheAmazingAudioEngine.xcodeproj */;
				},
			);
			projectRoot = "";
			targets = (
				1CF0EDBA193D85840001EE68 /* PoppingMixer */,
				1CF0EDDE193D85840001EE68 /* PoppingMixerTests */,
			);
		};
/* End PBXProject section */

/* Begin PBXReferenceProxy section */
		1C511FF71944A4060031764C /* libTheAmazingAudioEngine.a */ = {
			isa = PBXReferenceProxy;
			fileType = archive.ar;
			path = libTheAmazingAudioEngine.a;
			remoteRef = 1C511FF61944A4060031764C /* PBXContainerItemProxy */;
			sourceTree = BUILT_PRODUCTS_DIR;
		};
/* End PBXReferenceProxy section */

/* Begin PBXResourcesBuildPhase section */
		1CF0EDB9193D85840001EE68 /* Resources */ = {
			isa = PBXResourcesBuildPhase;
			buildActionMask = 2147483647;
			files = (
				1C1B15D21943446C0099E920 /* HS R8 Drums.sf2 in Resources */,
				1CF0EDD5193D85840001EE68 /* Main_iPad.storyboard in Resources */,
				1C511FEB1944A2F50031764C /* track.mp3 in Resources */,
				1CF0EDDA193D85840001EE68 /* Images.xcassets in Resources */,
				1CF0EDD2193D85840001EE68 /* Main_iPhone.storyboard in Resources */,
				1CF0EDC9193D85840001EE68 /* InfoPlist.strings in Resources */,
			);
			runOnlyForDeploymentPostprocessing = 0;
		};
		1CF0EDDD193D85840001EE68 /* Resources */ = {
			isa = PBXResourcesBuildPhase;
			buildActionMask = 2147483647;
			files = (
				1CF0EDEB193D85840001EE68 /* InfoPlist.strings in Resources */,
			);
			runOnlyForDeploymentPostprocessing = 0;
		};
/* End PBXResourcesBuildPhase section */

/* Begin PBXSourcesBuildPhase section */
		1CF0EDB7193D85840001EE68 /* Sources */ = {
			isa = PBXSourcesBuildPhase;
			buildActionMask = 2147483647;
			files = (
				188D8CCE194945B20068B51E /* BLE.m in Sources */,
				1C511FDF19449FAF0031764C /* PoppingMixerViewController.m in Sources */,
				1CF0EDCF193D85840001EE68 /* PoppingMixerAppDelegate.m in Sources */,
				1CF0EDCB193D85840001EE68 /* main.m in Sources */,
				1C1B15C119432D550099E920 /* AudioModel.m in Sources */,
			);
			runOnlyForDeploymentPostprocessing = 0;
		};
		1CF0EDDB193D85840001EE68 /* Sources */ = {
			isa = PBXSourcesBuildPhase;
			buildActionMask = 2147483647;
			files = (
				1CF0EDED193D85840001EE68 /* PoppingMixerTests.m in Sources */,
			);
			runOnlyForDeploymentPostprocessing = 0;
		};
/* End PBXSourcesBuildPhase section */

/* Begin PBXTargetDependency section */
		1C511FF91944A4110031764C /* PBXTargetDependency */ = {
			isa = PBXTargetDependency;
			name = TheAmazingAudioEngine;
			targetProxy = 1C511FF81944A4110031764C /* PBXContainerItemProxy */;
		};
		1CF0EDE5193D85840001EE68 /* PBXTargetDependency */ = {
			isa = PBXTargetDependency;
			target = 1CF0EDBA193D85840001EE68 /* PoppingMixer */;
			targetProxy = 1CF0EDE4193D85840001EE68 /* PBXContainerItemProxy */;
		};
/* End PBXTargetDependency section */

/* Begin PBXVariantGroup section */
		1CF0EDC7193D85840001EE68 /* InfoPlist.strings */ = {
			isa = PBXVariantGroup;
			children = (
				1CF0EDC8193D85840001EE68 /* en */,
			);
			name = InfoPlist.strings;
			sourceTree = "<group>";
		};
		1CF0EDD0193D85840001EE68 /* Main_iPhone.storyboard */ = {
			isa = PBXVariantGroup;
			children = (
				1CF0EDD1193D85840001EE68 /* Base */,
			);
			name = Main_iPhone.storyboard;
			path = Views;
			sourceTree = "<group>";
		};
		1CF0EDD3193D85840001EE68 /* Main_iPad.storyboard */ = {
			isa = PBXVariantGroup;
			children = (
				1CF0EDD4193D85840001EE68 /* Base */,
			);
			name = Main_iPad.storyboard;
			path = Views;
			sourceTree = "<group>";
		};
		1CF0EDE9193D85840001EE68 /* InfoPlist.strings */ = {
			isa = PBXVariantGroup;
			children = (
				1CF0EDEA193D85840001EE68 /* en */,
			);
			name = InfoPlist.strings;
			sourceTree = "<group>";
		};
/* End PBXVariantGroup section */

/* Begin XCBuildConfiguration section */
		1CF0EDEE193D85840001EE68 /* Debug */ = {
			isa = XCBuildConfiguration;
			buildSettings = {
				ALWAYS_SEARCH_USER_PATHS = NO;
				CLANG_CXX_LANGUAGE_STANDARD = "gnu++0x";
				CLANG_CXX_LIBRARY = "libc++";
				CLANG_ENABLE_MODULES = YES;
				CLANG_ENABLE_OBJC_ARC = YES;
				CLANG_WARN_BOOL_CONVERSION = YES;
				CLANG_WARN_CONSTANT_CONVERSION = YES;
				CLANG_WARN_DIRECT_OBJC_ISA_USAGE = YES_ERROR;
				CLANG_WARN_EMPTY_BODY = YES;
				CLANG_WARN_ENUM_CONVERSION = YES;
				CLANG_WARN_INT_CONVERSION = YES;
				CLANG_WARN_OBJC_ROOT_CLASS = YES_ERROR;
				CLANG_WARN__DUPLICATE_METHOD_MATCH = YES;
				"CODE_SIGN_IDENTITY[sdk=iphoneos*]" = "iPhone Developer";
				COPY_PHASE_STRIP = NO;
				GCC_C_LANGUAGE_STANDARD = gnu99;
				GCC_DYNAMIC_NO_PIC = NO;
				GCC_OPTIMIZATION_LEVEL = 0;
				GCC_PREPROCESSOR_DEFINITIONS = (
					"DEBUG=1",
					"$(inherited)",
				);
				GCC_SYMBOLS_PRIVATE_EXTERN = NO;
				GCC_WARN_64_TO_32_BIT_CONVERSION = YES;
				GCC_WARN_ABOUT_RETURN_TYPE = YES_ERROR;
				GCC_WARN_UNDECLARED_SELECTOR = YES;
				GCC_WARN_UNINITIALIZED_AUTOS = YES_AGGRESSIVE;
				GCC_WARN_UNUSED_FUNCTION = YES;
				GCC_WARN_UNUSED_VARIABLE = YES;
				IPHONEOS_DEPLOYMENT_TARGET = 7.1;
				ONLY_ACTIVE_ARCH = YES;
				SDKROOT = iphoneos;
				TARGETED_DEVICE_FAMILY = "1,2";
			};
			name = Debug;
		};
		1CF0EDEF193D85840001EE68 /* Release */ = {
			isa = XCBuildConfiguration;
			buildSettings = {
				ALWAYS_SEARCH_USER_PATHS = NO;
				CLANG_CXX_LANGUAGE_STANDARD = "gnu++0x";
				CLANG_CXX_LIBRARY = "libc++";
				CLANG_ENABLE_MODULES = YES;
				CLANG_ENABLE_OBJC_ARC = YES;
				CLANG_WARN_BOOL_CONVERSION = YES;
				CLANG_WARN_CONSTANT_CONVERSION = YES;
				CLANG_WARN_DIRECT_OBJC_ISA_USAGE = YES_ERROR;
				CLANG_WARN_EMPTY_BODY = YES;
				CLANG_WARN_ENUM_CONVERSION = YES;
				CLANG_WARN_INT_CONVERSION = YES;
				CLANG_WARN_OBJC_ROOT_CLASS = YES_ERROR;
				CLANG_WARN__DUPLICATE_METHOD_MATCH = YES;
				"CODE_SIGN_IDENTITY[sdk=iphoneos*]" = "iPhone Developer";
				COPY_PHASE_STRIP = YES;
				ENABLE_NS_ASSERTIONS = NO;
				GCC_C_LANGUAGE_STANDARD = gnu99;
				GCC_WARN_64_TO_32_BIT_CONVERSION = YES;
				GCC_WARN_ABOUT_RETURN_TYPE = YES_ERROR;
				GCC_WARN_UNDECLARED_SELECTOR = YES;
				GCC_WARN_UNINITIALIZED_AUTOS = YES_AGGRESSIVE;
				GCC_WARN_UNUSED_FUNCTION = YES;
				GCC_WARN_UNUSED_VARIABLE = YES;
				IPHONEOS_DEPLOYMENT_TARGET = 7.1;
				SDKROOT = iphoneos;
				TARGETED_DEVICE_FAMILY = "1,2";
				VALIDATE_PRODUCT = YES;
			};
			name = Release;
		};
		1CF0EDF1193D85840001EE68 /* Debug */ = {
			isa = XCBuildConfiguration;
			buildSettings = {
				ASSETCATALOG_COMPILER_APPICON_NAME = AppIcon;
				ASSETCATALOG_COMPILER_LAUNCHIMAGE_NAME = LaunchImage;
				GCC_PRECOMPILE_PREFIX_HEADER = YES;
				GCC_PREFIX_HEADER = "PoppingMixer/PoppingMixer-Prefix.pch";
				HEADER_SEARCH_PATHS = (
					"$(inherited)",
					/Applications/Xcode.app/Contents/Developer/Toolchains/XcodeDefault.xctoolchain/usr/include,
					PoppingMixer/Resources/TheAmazingAudioEngine/TheAmazingAudioEngine,
				);
				INFOPLIST_FILE = "PoppingMixer/PoppingMixer-Info.plist";
				PRODUCT_NAME = "$(TARGET_NAME)";
				VALID_ARCHS = "arm64 armv7 armv7s";
				WRAPPER_EXTENSION = app;
			};
			name = Debug;
		};
		1CF0EDF2193D85840001EE68 /* Release */ = {
			isa = XCBuildConfiguration;
			buildSettings = {
				ASSETCATALOG_COMPILER_APPICON_NAME = AppIcon;
				ASSETCATALOG_COMPILER_LAUNCHIMAGE_NAME = LaunchImage;
				GCC_PRECOMPILE_PREFIX_HEADER = YES;
				GCC_PREFIX_HEADER = "PoppingMixer/PoppingMixer-Prefix.pch";
				HEADER_SEARCH_PATHS = (
					"$(inherited)",
					/Applications/Xcode.app/Contents/Developer/Toolchains/XcodeDefault.xctoolchain/usr/include,
					PoppingMixer/Resources/TheAmazingAudioEngine/TheAmazingAudioEngine,
				);
				INFOPLIST_FILE = "PoppingMixer/PoppingMixer-Info.plist";
				PRODUCT_NAME = "$(TARGET_NAME)";
				VALID_ARCHS = "arm64 armv7 armv7s";
				WRAPPER_EXTENSION = app;
			};
			name = Release;
		};
		1CF0EDF4193D85840001EE68 /* Debug */ = {
			isa = XCBuildConfiguration;
			buildSettings = {
				BUNDLE_LOADER = "$(BUILT_PRODUCTS_DIR)/PoppingMixer.app/PoppingMixer";
				FRAMEWORK_SEARCH_PATHS = (
					"$(SDKROOT)/Developer/Library/Frameworks",
					"$(inherited)",
					"$(DEVELOPER_FRAMEWORKS_DIR)",
				);
				GCC_PRECOMPILE_PREFIX_HEADER = YES;
				GCC_PREFIX_HEADER = "PoppingMixer/PoppingMixer-Prefix.pch";
				GCC_PREPROCESSOR_DEFINITIONS = (
					"DEBUG=1",
					"$(inherited)",
				);
				INFOPLIST_FILE = "PoppingMixerTests/PoppingMixerTests-Info.plist";
				PRODUCT_NAME = "$(TARGET_NAME)";
				TEST_HOST = "$(BUNDLE_LOADER)";
				WRAPPER_EXTENSION = xctest;
			};
			name = Debug;
		};
		1CF0EDF5193D85840001EE68 /* Release */ = {
			isa = XCBuildConfiguration;
			buildSettings = {
				BUNDLE_LOADER = "$(BUILT_PRODUCTS_DIR)/PoppingMixer.app/PoppingMixer";
				FRAMEWORK_SEARCH_PATHS = (
					"$(SDKROOT)/Developer/Library/Frameworks",
					"$(inherited)",
					"$(DEVELOPER_FRAMEWORKS_DIR)",
				);
				GCC_PRECOMPILE_PREFIX_HEADER = YES;
				GCC_PREFIX_HEADER = "PoppingMixer/PoppingMixer-Prefix.pch";
				INFOPLIST_FILE = "PoppingMixerTests/PoppingMixerTests-Info.plist";
				PRODUCT_NAME = "$(TARGET_NAME)";
				TEST_HOST = "$(BUNDLE_LOADER)";
				WRAPPER_EXTENSION = xctest;
			};
			name = Release;
		};
/* End XCBuildConfiguration section */

/* Begin XCConfigurationList section */
		1CF0EDB6193D85840001EE68 /* Build configuration list for PBXProject "PoppingMixer" */ = {
			isa = XCConfigurationList;
			buildConfigurations = (
				1CF0EDEE193D85840001EE68 /* Debug */,
				1CF0EDEF193D85840001EE68 /* Release */,
			);
			defaultConfigurationIsVisible = 0;
			defaultConfigurationName = Release;
		};
		1CF0EDF0193D85840001EE68 /* Build configuration list for PBXNativeTarget "PoppingMixer" */ = {
			isa = XCConfigurationList;
			buildConfigurations = (
				1CF0EDF1193D85840001EE68 /* Debug */,
				1CF0EDF2193D85840001EE68 /* Release */,
			);
			defaultConfigurationIsVisible = 0;
			defaultConfigurationName = Release;
		};
		1CF0EDF3193D85840001EE68 /* Build configuration list for PBXNativeTarget "PoppingMixerTests" */ = {
			isa = XCConfigurationList;
			buildConfigurations = (
				1CF0EDF4193D85840001EE68 /* Debug */,
				1CF0EDF5193D85840001EE68 /* Release */,
			);
			defaultConfigurationIsVisible = 0;
			defaultConfigurationName = Release;
		};
/* End XCConfigurationList section */
	};
	rootObject = 1CF0EDB3193D85840001EE68 /* Project object */;
}
